
Microsoft Visual Studio Solution File, Format Version 12.00
# Visual Studio Version 17
VisualStudioVersion = 17.8.34316.72
MinimumVisualStudioVersion = 10.0.40219.1
Project("{2150E333-8FDC-42A3-9474-1A3956D46DE8}") = "Solution Items", "Solution Items", "{23268D88-F982-47D5-B0C6-49369B3DAC15}"
	ProjectSection(SolutionItems) = preProject
		publish.txt = publish.txt
	EndProjectSection
EndProject
Project("{9A19103F-16F7-4668-BE54-9A1E7A4F7556}") = "Catvalla.String.Utils", "Catvalla.String.Utils\Catvalla.String.Utils.csproj", "{0C8428D5-4D98-4F29-B168-282B7D9308C8}"
EndProject
Project("{9A19103F-16F7-4668-BE54-9A1E7A4F7556}") = "Catvalla.String.Utils.Test", "Catvalla.String.Utils.Test\Catvalla.String.Utils.Test.csproj", "{EF5EA68B-7940-4BFD-8B5F-EA178F837321}"
EndProject
Global
	GlobalSection(SolutionConfigurationPlatforms) = preSolution
		Debug|Any CPU = Debug|Any CPU
		Release|Any CPU = Release|Any CPU
	EndGlobalSection
	GlobalSection(ProjectConfigurationPlatforms) = postSolution
		{0C8428D5-4D98-4F29-B168-282B7D9308C8}.Debug|Any CPU.ActiveCfg = Debug|Any CPU
		{0C8428D5-4D98-4F29-B168-282B7D9308C8}.Debug|Any CPU.Build.0 = Debug|Any CPU
		{0C8428D5-4D98-4F29-B168-282B7D9308C8}.Release|Any CPU.ActiveCfg = Release|Any CPU
		{0C8428D5-4D98-4F29-B168-282B7D9308C8}.Release|Any CPU.Build.0 = Release|Any CPU
		{EF5EA68B-7940-4BFD-8B5F-EA178F837321}.Debug|Any CPU.ActiveCfg = Debug|Any CPU
		{EF5EA68B-7940-4BFD-8B5F-EA178F837321}.Debug|Any CPU.Build.0 = Debug|Any CPU
		{EF5EA68B-7940-4BFD-8B5F-EA178F837321}.Release|Any CPU.ActiveCfg = Release|Any CPU
		{EF5EA68B-7940-4BFD-8B5F-EA178F837321}.Release|Any CPU.Build.0 = Release|Any CPU
	EndGlobalSection
	GlobalSection(SolutionProperties) = preSolution
		HideSolutionNode = FALSE
	EndGlobalSection
	GlobalSection(ExtensibilityGlobals) = postSolution
		SolutionGuid = {1236CEAF-0578-4936-AB46-FD10F701C059}
	EndGlobalSection
EndGlobal
